
Microsoft Visual Studio Solution File, Format Version 12.00
# Visual Studio 15
VisualStudioVersion = 15.0.27428.1
MinimumVisualStudioVersion = 10.0.40219.1
Project("{FAE04EC0-301F-11D3-BF4B-00C04F79EFBC}") = "OfaSchlupfer.Elementary", "OfaSchlupfer.Elementary\OfaSchlupfer.Elementary.csproj", "{085579AB-5730-42A1-A78E-913707416967}"
EndProject
Project("{FAE04EC0-301F-11D3-BF4B-00C04F79EFBC}") = "OfaSchlupfer.ModelOData", "OfaSchlupfer.ModelOData\OfaSchlupfer.ModelOData.csproj", "{8756F3E8-893E-4517-8EE5-080F0D8C23A1}"
EndProject
Project("{FAE04EC0-301F-11D3-BF4B-00C04F79EFBC}") = "OfaSchlupfer.ModelSql", "OfaSchlupfer.ModelSql\OfaSchlupfer.ModelSql.csproj", "{D52A4AE2-7A97-4565-939D-E1FD559FD5B0}"
EndProject
Project("{FAE04EC0-301F-11D3-BF4B-00C04F79EFBC}") = "OfaSchlupfer.MSSQLReflection", "OfaSchlupfer.MSSQLReflection\OfaSchlupfer.MSSQLReflection.csproj", "{E2D69F44-C09A-4A97-A05D-79A4D4177825}"
EndProject
Project("{FAE04EC0-301F-11D3-BF4B-00C04F79EFBC}") = "OfaSchlupfer.ElementaryTests", "OfaSchlupfer.ElementaryTests\OfaSchlupfer.ElementaryTests.csproj", "{8303F4C0-0A90-4293-B9CC-E928A402027E}"
EndProject
Project("{FAE04EC0-301F-11D3-BF4B-00C04F79EFBC}") = "OfaSchlupfer.MSSQLReflectionTests", "OfaSchlupfer.MSSQLReflectionTests\OfaSchlupfer.MSSQLReflectionTests.csproj", "{F0BC55D7-421E-4FCF-BE46-6CEDDC4C4F8F}"
EndProject
Global
	GlobalSection(SolutionConfigurationPlatforms) = preSolution
		Debug|Any CPU = Debug|Any CPU
		Release|Any CPU = Release|Any CPU
	EndGlobalSection
	GlobalSection(ProjectConfigurationPlatforms) = postSolution
		{085579AB-5730-42A1-A78E-913707416967}.Debug|Any CPU.ActiveCfg = Debug|Any CPU
		{085579AB-5730-42A1-A78E-913707416967}.Debug|Any CPU.Build.0 = Debug|Any CPU
		{085579AB-5730-42A1-A78E-913707416967}.Release|Any CPU.ActiveCfg = Release|Any CPU
		{085579AB-5730-42A1-A78E-913707416967}.Release|Any CPU.Build.0 = Release|Any CPU
		{8756F3E8-893E-4517-8EE5-080F0D8C23A1}.Debug|Any CPU.ActiveCfg = Debug|Any CPU
		{8756F3E8-893E-4517-8EE5-080F0D8C23A1}.Debug|Any CPU.Build.0 = Debug|Any CPU
		{8756F3E8-893E-4517-8EE5-080F0D8C23A1}.Release|Any CPU.ActiveCfg = Release|Any CPU
		{8756F3E8-893E-4517-8EE5-080F0D8C23A1}.Release|Any CPU.Build.0 = Release|Any CPU
		{D52A4AE2-7A97-4565-939D-E1FD559FD5B0}.Debug|Any CPU.ActiveCfg = Debug|Any CPU
		{D52A4AE2-7A97-4565-939D-E1FD559FD5B0}.Debug|Any CPU.Build.0 = Debug|Any CPU
		{D52A4AE2-7A97-4565-939D-E1FD559FD5B0}.Release|Any CPU.ActiveCfg = Release|Any CPU
		{D52A4AE2-7A97-4565-939D-E1FD559FD5B0}.Release|Any CPU.Build.0 = Release|Any CPU
		{E2D69F44-C09A-4A97-A05D-79A4D4177825}.Debug|Any CPU.ActiveCfg = Debug|Any CPU
		{E2D69F44-C09A-4A97-A05D-79A4D4177825}.Debug|Any CPU.Build.0 = Debug|Any CPU
		{E2D69F44-C09A-4A97-A05D-79A4D4177825}.Release|Any CPU.ActiveCfg = Release|Any CPU
		{E2D69F44-C09A-4A97-A05D-79A4D4177825}.Release|Any CPU.Build.0 = Release|Any CPU
		{8303F4C0-0A90-4293-B9CC-E928A402027E}.Debug|Any CPU.ActiveCfg = Debug|Any CPU
		{8303F4C0-0A90-4293-B9CC-E928A402027E}.Debug|Any CPU.Build.0 = Debug|Any CPU
		{8303F4C0-0A90-4293-B9CC-E928A402027E}.Release|Any CPU.ActiveCfg = Release|Any CPU
		{8303F4C0-0A90-4293-B9CC-E928A402027E}.Release|Any CPU.Build.0 = Release|Any CPU
		{F0BC55D7-421E-4FCF-BE46-6CEDDC4C4F8F}.Debug|Any CPU.ActiveCfg = Debug|Any CPU
		{F0BC55D7-421E-4FCF-BE46-6CEDDC4C4F8F}.Debug|Any CPU.Build.0 = Debug|Any CPU
		{F0BC55D7-421E-4FCF-BE46-6CEDDC4C4F8F}.Release|Any CPU.ActiveCfg = Release|Any CPU
		{F0BC55D7-421E-4FCF-BE46-6CEDDC4C4F8F}.Release|Any CPU.Build.0 = Release|Any CPU
	EndGlobalSection
	GlobalSection(SolutionProperties) = preSolution
		HideSolutionNode = FALSE
	EndGlobalSection
	GlobalSection(ExtensibilityGlobals) = postSolution
		SolutionGuid = {125BE8A6-01F2-48F3-B0D0-380B8894AF22}
	EndGlobalSection
EndGlobal
