
Microsoft Visual Studio Solution File, Format Version 12.00
# Visual Studio 15
VisualStudioVersion = 15.0.27130.2036
MinimumVisualStudioVersion = 10.0.40219.1
Project("{9A19103F-16F7-4668-BE54-9A1E7A4F7556}") = "OfaSchlupfer.Elementary", "OfaSchlupfer.Elementary\OfaSchlupfer.Elementary.csproj", "{085579AB-5730-42A1-A78E-913707416967}"
EndProject
Project("{9A19103F-16F7-4668-BE54-9A1E7A4F7556}") = "OfaSchlupfer.ModelSql", "OfaSchlupfer.ModelSql\OfaSchlupfer.ModelSql.csproj", "{D52A4AE2-7A97-4565-939D-E1FD559FD5B0}"
EndProject
Project("{9A19103F-16F7-4668-BE54-9A1E7A4F7556}") = "OfaSchlupfer.MSSQLReflection", "OfaSchlupfer.MSSQLReflection\OfaSchlupfer.MSSQLReflection.csproj", "{E2D69F44-C09A-4A97-A05D-79A4D4177825}"
EndProject
Project("{9A19103F-16F7-4668-BE54-9A1E7A4F7556}") = "OfaSchlupfer.ElementaryTests", "OfaSchlupfer.ElementaryTests\OfaSchlupfer.ElementaryTests.csproj", "{8303F4C0-0A90-4293-B9CC-E928A402027E}"
EndProject
Project("{9A19103F-16F7-4668-BE54-9A1E7A4F7556}") = "OfaSchlupfer.MSSQLReflectionTests", "OfaSchlupfer.MSSQLReflectionTests\OfaSchlupfer.MSSQLReflectionTests.csproj", "{F0BC55D7-421E-4FCF-BE46-6CEDDC4C4F8F}"
EndProject
Project("{9A19103F-16F7-4668-BE54-9A1E7A4F7556}") = "OfaSchlupfer.ModelSqlTests", "OfaSchlupfer.ModelSqlTests\OfaSchlupfer.ModelSqlTests.csproj", "{CE1AE872-0F53-4F87-8491-2CAB5E93F985}"
EndProject
Project("{2150E333-8FDC-42A3-9474-1A3956D46DE8}") = "Solution Items", "Solution Items", "{1AEB3A8A-AD2A-4278-93B4-B06B64BC208B}"
	ProjectSection(SolutionItems) = preProject
		.gitignore = .gitignore
		README.md = README.md
	EndProjectSection
EndProject
Project("{2150E333-8FDC-42A3-9474-1A3956D46DE8}") = "test", "test", "{142FE167-6A60-4C03-9A37-003AE0E4E6A1}"
	ProjectSection(SolutionItems) = preProject
		test\ProjectOnlinemetadata.xml = test\ProjectOnlinemetadata.xml
		test\v3northwindmetadata.xml = test\v3northwindmetadata.xml
		test\v4northwindmetadata.xml = test\v4northwindmetadata.xml
	EndProjectSection
EndProject
Project("{9A19103F-16F7-4668-BE54-9A1E7A4F7556}") = "OfaSchlupfer.ODataV3", "OfaSchlupfer.ODataV3\OfaSchlupfer.ODataV3.csproj", "{3303D646-5E8B-4F05-91B2-E45D6F589AC7}"
EndProject
Project("{9A19103F-16F7-4668-BE54-9A1E7A4F7556}") = "OfaSchlupfer.ODataV4", "OfaSchlupfer.ODataV4\OfaSchlupfer.ODataV4.csproj", "{F2285003-EE61-470F-AE87-B3BCF6F87F6B}"
EndProject
Project("{9A19103F-16F7-4668-BE54-9A1E7A4F7556}") = "OfaSchlupfer.ODataV3Tests", "OfaSchlupfer.ODataV3Tests\OfaSchlupfer.ODataV3Tests.csproj", "{CB35BCF1-35A2-466F-ABC8-E2569DD0D28D}"
EndProject
Project("{9A19103F-16F7-4668-BE54-9A1E7A4F7556}") = "OfaSchlupfer.ODataV4Tests", "OfaSchlupfer.ODataV4Tests\OfaSchlupfer.ODataV4Tests.csproj", "{DA3E165C-831D-4D28-9B57-A5DDA61BC2B7}"
EndProject
Project("{FAE04EC0-301F-11D3-BF4B-00C04F79EFBC}") = "OfaSchlupfer.ModelSharePointOnline", "OfaSchlupfer.ModelSharePointOnline\OfaSchlupfer.ModelSharePointOnline.csproj", "{9387514F-EED3-4705-9D7D-89E11673C073}"
EndProject
Project("{FAE04EC0-301F-11D3-BF4B-00C04F79EFBC}") = "OfaSchlupfer.ModelSharePointOnlineTest", "OfaSchlupfer.ModelSharePointOnlineTest\OfaSchlupfer.ModelSharePointOnlineTest.csproj", "{20D2A320-394F-4475-8E38-6F0134DE8ADE}"
EndProject
Project("{9A19103F-16F7-4668-BE54-9A1E7A4F7556}") = "OfaSchlupfer.ModelOData", "OfaSchlupfer.ModelOData\OfaSchlupfer.ModelOData.csproj", "{6646287E-A0A7-4331-8466-2D992446DB39}"
EndProject
Project("{9A19103F-16F7-4668-BE54-9A1E7A4F7556}") = "OfaSchlupfer.ModelODataTests", "OfaSchlupfer.ModelODataTests\OfaSchlupfer.ModelODataTests.csproj", "{9A32403C-A998-4C30-AC31-32B65FEDCFCB}"
EndProject
Global
	GlobalSection(SolutionConfigurationPlatforms) = preSolution
		Debug|Any CPU = Debug|Any CPU
		Release|Any CPU = Release|Any CPU
	EndGlobalSection
	GlobalSection(ProjectConfigurationPlatforms) = postSolution
		{085579AB-5730-42A1-A78E-913707416967}.Debug|Any CPU.ActiveCfg = Debug|Any CPU
		{085579AB-5730-42A1-A78E-913707416967}.Debug|Any CPU.Build.0 = Debug|Any CPU
		{085579AB-5730-42A1-A78E-913707416967}.Release|Any CPU.ActiveCfg = Release|Any CPU
		{085579AB-5730-42A1-A78E-913707416967}.Release|Any CPU.Build.0 = Release|Any CPU
		{D52A4AE2-7A97-4565-939D-E1FD559FD5B0}.Debug|Any CPU.ActiveCfg = Debug|Any CPU
		{D52A4AE2-7A97-4565-939D-E1FD559FD5B0}.Debug|Any CPU.Build.0 = Debug|Any CPU
		{D52A4AE2-7A97-4565-939D-E1FD559FD5B0}.Release|Any CPU.ActiveCfg = Release|Any CPU
		{D52A4AE2-7A97-4565-939D-E1FD559FD5B0}.Release|Any CPU.Build.0 = Release|Any CPU
		{E2D69F44-C09A-4A97-A05D-79A4D4177825}.Debug|Any CPU.ActiveCfg = Debug|Any CPU
		{E2D69F44-C09A-4A97-A05D-79A4D4177825}.Debug|Any CPU.Build.0 = Debug|Any CPU
		{E2D69F44-C09A-4A97-A05D-79A4D4177825}.Release|Any CPU.ActiveCfg = Release|Any CPU
		{E2D69F44-C09A-4A97-A05D-79A4D4177825}.Release|Any CPU.Build.0 = Release|Any CPU
		{8303F4C0-0A90-4293-B9CC-E928A402027E}.Debug|Any CPU.ActiveCfg = Debug|Any CPU
		{8303F4C0-0A90-4293-B9CC-E928A402027E}.Debug|Any CPU.Build.0 = Debug|Any CPU
		{8303F4C0-0A90-4293-B9CC-E928A402027E}.Release|Any CPU.ActiveCfg = Release|Any CPU
		{8303F4C0-0A90-4293-B9CC-E928A402027E}.Release|Any CPU.Build.0 = Release|Any CPU
		{F0BC55D7-421E-4FCF-BE46-6CEDDC4C4F8F}.Debug|Any CPU.ActiveCfg = Debug|Any CPU
		{F0BC55D7-421E-4FCF-BE46-6CEDDC4C4F8F}.Debug|Any CPU.Build.0 = Debug|Any CPU
		{F0BC55D7-421E-4FCF-BE46-6CEDDC4C4F8F}.Release|Any CPU.ActiveCfg = Release|Any CPU
		{F0BC55D7-421E-4FCF-BE46-6CEDDC4C4F8F}.Release|Any CPU.Build.0 = Release|Any CPU
		{CE1AE872-0F53-4F87-8491-2CAB5E93F985}.Debug|Any CPU.ActiveCfg = Debug|Any CPU
		{CE1AE872-0F53-4F87-8491-2CAB5E93F985}.Debug|Any CPU.Build.0 = Debug|Any CPU
		{CE1AE872-0F53-4F87-8491-2CAB5E93F985}.Release|Any CPU.ActiveCfg = Release|Any CPU
		{CE1AE872-0F53-4F87-8491-2CAB5E93F985}.Release|Any CPU.Build.0 = Release|Any CPU
		{3303D646-5E8B-4F05-91B2-E45D6F589AC7}.Debug|Any CPU.ActiveCfg = Debug|Any CPU
		{3303D646-5E8B-4F05-91B2-E45D6F589AC7}.Debug|Any CPU.Build.0 = Debug|Any CPU
		{3303D646-5E8B-4F05-91B2-E45D6F589AC7}.Release|Any CPU.ActiveCfg = Release|Any CPU
		{3303D646-5E8B-4F05-91B2-E45D6F589AC7}.Release|Any CPU.Build.0 = Release|Any CPU
		{F2285003-EE61-470F-AE87-B3BCF6F87F6B}.Debug|Any CPU.ActiveCfg = Debug|Any CPU
		{F2285003-EE61-470F-AE87-B3BCF6F87F6B}.Debug|Any CPU.Build.0 = Debug|Any CPU
		{F2285003-EE61-470F-AE87-B3BCF6F87F6B}.Release|Any CPU.ActiveCfg = Release|Any CPU
		{F2285003-EE61-470F-AE87-B3BCF6F87F6B}.Release|Any CPU.Build.0 = Release|Any CPU
		{CB35BCF1-35A2-466F-ABC8-E2569DD0D28D}.Debug|Any CPU.ActiveCfg = Debug|Any CPU
		{CB35BCF1-35A2-466F-ABC8-E2569DD0D28D}.Debug|Any CPU.Build.0 = Debug|Any CPU
		{CB35BCF1-35A2-466F-ABC8-E2569DD0D28D}.Release|Any CPU.ActiveCfg = Release|Any CPU
		{CB35BCF1-35A2-466F-ABC8-E2569DD0D28D}.Release|Any CPU.Build.0 = Release|Any CPU
		{DA3E165C-831D-4D28-9B57-A5DDA61BC2B7}.Debug|Any CPU.ActiveCfg = Debug|Any CPU
		{DA3E165C-831D-4D28-9B57-A5DDA61BC2B7}.Debug|Any CPU.Build.0 = Debug|Any CPU
		{DA3E165C-831D-4D28-9B57-A5DDA61BC2B7}.Release|Any CPU.ActiveCfg = Release|Any CPU
		{DA3E165C-831D-4D28-9B57-A5DDA61BC2B7}.Release|Any CPU.Build.0 = Release|Any CPU
		{9387514F-EED3-4705-9D7D-89E11673C073}.Debug|Any CPU.ActiveCfg = Debug|Any CPU
		{9387514F-EED3-4705-9D7D-89E11673C073}.Debug|Any CPU.Build.0 = Debug|Any CPU
		{9387514F-EED3-4705-9D7D-89E11673C073}.Release|Any CPU.ActiveCfg = Release|Any CPU
		{9387514F-EED3-4705-9D7D-89E11673C073}.Release|Any CPU.Build.0 = Release|Any CPU
		{20D2A320-394F-4475-8E38-6F0134DE8ADE}.Debug|Any CPU.ActiveCfg = Debug|Any CPU
		{20D2A320-394F-4475-8E38-6F0134DE8ADE}.Debug|Any CPU.Build.0 = Debug|Any CPU
		{20D2A320-394F-4475-8E38-6F0134DE8ADE}.Release|Any CPU.ActiveCfg = Release|Any CPU
		{20D2A320-394F-4475-8E38-6F0134DE8ADE}.Release|Any CPU.Build.0 = Release|Any CPU
		{6646287E-A0A7-4331-8466-2D992446DB39}.Debug|Any CPU.ActiveCfg = Debug|Any CPU
		{6646287E-A0A7-4331-8466-2D992446DB39}.Debug|Any CPU.Build.0 = Debug|Any CPU
		{6646287E-A0A7-4331-8466-2D992446DB39}.Release|Any CPU.ActiveCfg = Release|Any CPU
		{6646287E-A0A7-4331-8466-2D992446DB39}.Release|Any CPU.Build.0 = Release|Any CPU
		{9A32403C-A998-4C30-AC31-32B65FEDCFCB}.Debug|Any CPU.ActiveCfg = Debug|Any CPU
		{9A32403C-A998-4C30-AC31-32B65FEDCFCB}.Debug|Any CPU.Build.0 = Debug|Any CPU
		{9A32403C-A998-4C30-AC31-32B65FEDCFCB}.Release|Any CPU.ActiveCfg = Release|Any CPU
		{9A32403C-A998-4C30-AC31-32B65FEDCFCB}.Release|Any CPU.Build.0 = Release|Any CPU
	EndGlobalSection
	GlobalSection(SolutionProperties) = preSolution
		HideSolutionNode = FALSE
	EndGlobalSection
	GlobalSection(NestedProjects) = preSolution
		{142FE167-6A60-4C03-9A37-003AE0E4E6A1} = {1AEB3A8A-AD2A-4278-93B4-B06B64BC208B}
	EndGlobalSection
	GlobalSection(ExtensibilityGlobals) = postSolution
		SolutionGuid = {125BE8A6-01F2-48F3-B0D0-380B8894AF22}
	EndGlobalSection
EndGlobal
